version = 1
revision = 3
requires-python = "==3.13.*"
resolution-markers = [
    "sys_platform == 'win32'",
    "sys_platform == 'emscripten'",
    "sys_platform != 'emscripten' and sys_platform != 'win32'",
]

[[package]]
name = "colorama"
version = "0.4.6"
source = { registry = "https://pypi.org/simple" }
sdist = { url = "https://files.pythonhosted.org/packages/d8/53/6f443c9a4a8358a93a6792e2acffb9d9d5cb0a5cfd8802644b7b1c9a02e4/colorama-0.4.6.tar.gz", hash = "sha256:08695f5cb7ed6e0531a20572697297273c47b8cae5a63ffc6d6ed5c201be6e44", size = 27697, upload-time = "2022-10-25T02:36:22.414Z" }
wheels = [
    { url = "https://files.pythonhosted.org/packages/d1/d6/3965ed04c63042e047cb6a3e6ed1a63a35087b6a609aa3a15ed8ac56c221/colorama-0.4.6-py2.py3-none-any.whl", hash = "sha256:4f1d9991f5acc0ca119f9d443620b77f9d6b33703e51011c16baf57afb285fc6", size = 25335, upload-time = "2022-10-25T02:36:20.889Z" },
]

[[package]]
name = "coverage"
version = "7.14.0"
source = { registry = "https://pypi.org/simple" }
sdist = { url = "https://files.pythonhosted.org/packages/23/7f/d0720730a397a999ffc0fd3f5bebef347338e3a47b727da66fbb228e2ff2/coverage-7.14.0.tar.gz", hash = "sha256:057a6af2f160a85384cde4ab36f0d2777bae1057bae255f95413cdd382aa5c74", size = 919489, upload-time = "2026-05-10T18:02:31.397Z" }
wheels = [
    { url = "https://files.pythonhosted.org/packages/6b/76/b7c66ee3c66e1b0f9d894c8125983aa0c03fb2336f2fd16559f9c966157f/coverage-7.14.0-cp313-cp313-macosx_10_13_x86_64.whl", hash = "sha256:f2bbb8254370eb4c628ff3d6fa8a7f74ddc40565394d4f7ab791d1fe568e37ef", size = 219990, upload-time = "2026-05-10T18:00:38.887Z" },
    { url = "https://files.pythonhosted.org/packages/b3/af/e567cbad5ba69c013a50146dfa886dc7193361fda77521f51274ff620e1b/coverage-7.14.0-cp313-cp313-macosx_11_0_arm64.whl", hash = "sha256:23b81107f46d3f21d0cbce30664fcec0f5d9f585638a67081750f99738f6bf66", size = 220365, upload-time = "2026-05-10T18:00:40.864Z" },
    { url = "https://files.pythonhosted.org/packages/44/6f/9ad575d505b4d805b254febc8a5b338a2efe278f8786e56ff1cb8413f9c3/coverage-7.14.0-cp313-cp313-manylinux1_i686.manylinux_2_28_i686.manylinux_2_5_i686.whl", hash = "sha256:22a7e06a5f11a757cdfe79018e9095f9f69ae283c5cd8123774c788deec8717b", size = 251363, upload-time = "2026-05-10T18:00:42.489Z" },
    { url = "https://files.pythonhosted.org/packages/6f/5f/b5370068b2f57787454592ed7dcd1002f0f1703b7db1fa30f6a325a4ca6e/coverage-7.14.0-cp313-cp313-manylinux1_x86_64.manylinux_2_28_x86_64.manylinux_2_5_x86_64.whl", hash = "sha256:9d1aa57a1dc8e05bdc42e81c5d671d849577aeedf279f4c449d6d286f9ed88ca", size = 253961, upload-time = "2026-05-10T18:00:44.079Z" },
    { url = "https://files.pythonhosted.org/packages/29/1e/51adf17738976e8f2b85ddef7b7aa12a0838b056c92f175941d8862767c1/coverage-7.14.0-cp313-cp313-manylinux2014_aarch64.manylinux_2_17_aarch64.manylinux_2_28_aarch64.whl", hash = "sha256:90c1a51bcfddf645b3bb7ec333d9e94393a8e94f55642380fa8a9a5a9e636cb7", size = 255193, upload-time = "2026-05-10T18:00:45.623Z" },
    { url = "https://files.pythonhosted.org/packages/9e/7b/5bfd7ac1df3b881c2ac7a5cbc99c7609e6296c402f5ef587cd81c6f355b3/coverage-7.14.0-cp313-cp313-manylinux2014_ppc64le.manylinux_2_17_ppc64le.manylinux_2_28_ppc64le.whl", hash = "sha256:a841fae2fadcae4f438d43b6ccc4aac2ad609f47cdb6cfdce60cbb3fe5ca7bc2", size = 257326, upload-time = "2026-05-10T18:00:47.173Z" },
    { url = "https://files.pythonhosted.org/packages/7d/38/1d37d316b174fad3843a1d76dbdfe4398771c9ecd0515935dd9ece9cd627/coverage-7.14.0-cp313-cp313-manylinux_2_31_riscv64.manylinux_2_39_riscv64.whl", hash = "sha256:c79d2319cabef1fe8e86df73371126931550804738f78ad7d31e3aad85a67367", size = 251582, upload-time = "2026-05-10T18:00:49.152Z" },
    { url = "https://files.pythonhosted.org/packages/34/46/746704f95980ba220214e1a41e18cec5aea80a898eaa53c51bf2d645ff36/coverage-7.14.0-cp313-cp313-musllinux_1_2_aarch64.whl", hash = "sha256:1b23b0c6f0b1db6ad769b7050c8b641c0bf215ded26c1816955b17b7f26edfa9", size = 253325, upload-time = "2026-05-10T18:00:51.252Z" },
    { url = "https://files.pythonhosted.org/packages/e1/b9/bbe87206d9687b192352f893797825b5f5b15ecd3aa9c68fbff0c074d77b/coverage-7.14.0-cp313-cp313-musllinux_1_2_i686.whl", hash = "sha256:55d3089079ce181a4566b1065ab28d2575eb76d8ac8f81f4fcda2bf037fee087", size = 251291, upload-time = "2026-05-10T18:00:52.816Z" },
    { url = "https://files.pythonhosted.org/packages/46/57/b8cdb12ac0d73ef0243218bd5e22c9df8f92edab8018213a86aec67c5324/coverage-7.14.0-cp313-cp313-musllinux_1_2_ppc64le.whl", hash = "sha256:49c005cba1e2f9677fb2845dcdf9a2e72a52a17d63e8231aaaae35d9f50215ef", size = 255448, upload-time = "2026-05-10T18:00:54.548Z" },
    { url = "https://files.pythonhosted.org/packages/1f/d4/5002019538b2036ce3c84340f54d2fd5100d55b0a6b0894eee56128d03c7/coverage-7.14.0-cp313-cp313-musllinux_1_2_riscv64.whl", hash = "sha256:9117377b823daa28aa8635fbb08cda1cd6be3d7143257345459559aeef852d52", size = 251110, upload-time = "2026-05-10T18:00:56.122Z" },
    { url = "https://files.pythonhosted.org/packages/37/53/20c5009477660f084e6ed60bc02a91894b8e234e617e86ecfd9aaf78e27b/coverage-7.14.0-cp313-cp313-musllinux_1_2_x86_64.whl", hash = "sha256:7b79d646cf46d5cf9a9f40281d4441df5849e445726e369006d2b117710b33fe", size = 252885, upload-time = "2026-05-10T18:00:57.967Z" },
    { url = "https://files.pythonhosted.org/packages/ae/ab/3cf6427ac9c1f1db747dbb1ce71dde47984876d4c2cfd018a3fef0a78d4d/coverage-7.14.0-cp313-cp313-win32.whl", hash = "sha256:fb609b3658479e33f9516d46f1a89dbb9b6c261366e3a11844a96ec487533dae", size = 222539, upload-time = "2026-05-10T18:00:59.581Z" },
    { url = "https://files.pythonhosted.org/packages/8f/b8/9228523e80321c2cb4880d1f589bc0171f2f71432c35118ad04dc01decce/coverage-7.14.0-cp313-cp313-win_amd64.whl", hash = "sha256:0773d8329cf32b6fd222e4b52622c61fe8d503eb966cfc8d3c3c10c96266d50e", size = 223344, upload-time = "2026-05-10T18:01:01.531Z" },
    { url = "https://files.pythonhosted.org/packages/a3/99/118daa192f95e3a6cb2740100fbf8797cda1734b4134ef0b5d501a7fa8f3/coverage-7.14.0-cp313-cp313-win_arm64.whl", hash = "sha256:b4e26a0f1b696faf283bffe5b8569e44e336c582439df5d53281ab89ee0cba96", size = 221966, upload-time = "2026-05-10T18:01:03.16Z" },
    { url = "https://files.pythonhosted.org/packages/e6/f1/a46cc0c013be170216253184a32366d7cbdb9252feaec866b05c2d12a894/coverage-7.14.0-cp313-cp313t-macosx_10_13_x86_64.whl", hash = "sha256:953f521ca9445300397e65fda3dca58b2dbd68fee983777420b57ac3c77e9f90", size = 220679, upload-time = "2026-05-10T18:01:05.058Z" },
    { url = "https://files.pythonhosted.org/packages/64/8c/9c30a3d311a34177fa432995be7fbfc64477d8bac5630bd38055b1c9b424/coverage-7.14.0-cp313-cp313t-macosx_11_0_arm64.whl", hash = "sha256:98af83fd65ae24b1fdd03aaead967a9f523bcd2f1aab2d4f3ffda65bb568a6f1", size = 221033, upload-time = "2026-05-10T18:01:07.002Z" },
    { url = "https://files.pythonhosted.org/packages/9a/cd/3fb5e06c3badefd0c1b47e2044fdca67f8220a4ec2e7fcfb476aa0a67c6c/coverage-7.14.0-cp313-cp313t-manylinux1_i686.manylinux_2_28_i686.manylinux_2_5_i686.whl", hash = "sha256:668b92e6958c4db7cf92e81caac328dfbbdbb215db2850ad28f0cbe1eea0bfbd", size = 262333, upload-time = "2026-05-10T18:01:08.903Z" },
    { url = "https://files.pythonhosted.org/packages/a8/e6/fbc322325c7294d3e22c1ad6b79e45d0806b25228c8e5842aed6d8169aa7/coverage-7.14.0-cp313-cp313t-manylinux1_x86_64.manylinux_2_28_x86_64.manylinux_2_5_x86_64.whl", hash = "sha256:9fbd898551762dea00d3fef2b1c4f99afd2c6a3ff952ea07d60a9bd5ed4f34bc", size = 264410, upload-time = "2026-05-10T18:01:10.531Z" },
    { url = "https://files.pythonhosted.org/packages/08/92/c497b264bec1673c47cc77e26f760fcda4654cabf1f39546d1a23a3b8c35/coverage-7.14.0-cp313-cp313t-manylinux2014_aarch64.manylinux_2_17_aarch64.manylinux_2_28_aarch64.whl", hash = "sha256:68af363c07ecd8d4b7d4043d85cb376d7d227eceb54e5323ee45da73dbd3e426", size = 266836, upload-time = "2026-05-10T18:01:12.19Z" },
    { url = "https://files.pythonhosted.org/packages/78/fc/045da320987f401af5d2815d351e8aa799aec859f60e29f445e3089eeedb/coverage-7.14.0-cp313-cp313t-manylinux2014_ppc64le.manylinux_2_17_ppc64le.manylinux_2_28_ppc64le.whl", hash = "sha256:6e57054a583da8ac55edf24117ea4c9133032cfc4cf72aa2d48c1e5d4b52f899", size = 267974, upload-time = "2026-05-10T18:01:13.926Z" },
    { url = "https://files.pythonhosted.org/packages/1b/ae/227b1e379497fb7a4fc3286e620f80c8a1e7cec66d45695a01639eb1af65/coverage-7.14.0-cp313-cp313t-manylinux_2_31_riscv64.manylinux_2_39_riscv64.whl", hash = "sha256:cc3499459bbcdd51a65b64c35ab7ed2764eaf3cba826e0df3f1d7fe2e102b70b", size = 261578, upload-time = "2026-05-10T18:01:15.564Z" },
    { url = "https://files.pythonhosted.org/packages/a0/f5/3570342900f2acea31d33ff1590c5d8bac1a8e1a2e1c6d34a5d5e61de681/coverage-7.14.0-cp313-cp313t-musllinux_1_2_aarch64.whl", hash = "sha256:45899ec2138a4346ed34d601dedf5076fb74edf2d1dd9dc76a78e82397edee90", size = 264394, upload-time = "2026-05-10T18:01:17.607Z" },
    { url = "https://files.pythonhosted.org/packages/16/29/de1bbc01c935b28f89b1dc3db85b011c055e843a8e5e3b83141c3f80af7f/coverage-7.14.0-cp313-cp313t-musllinux_1_2_i686.whl", hash = "sha256:8767486808c436f05b23ab98eb963fb29185e32a9357a166971685cb3459900f", size = 262022, upload-time = "2026-05-10T18:01:19.304Z" },
    { url = "https://files.pythonhosted.org/packages/35/95/f53890b0bf2fc10ab168e05d38869215e73ca24c4cb521c3bb0eb62fe16b/coverage-7.14.0-cp313-cp313t-musllinux_1_2_ppc64le.whl", hash = "sha256:a3b5ddfd6aa7ddad53ee3edb231e88a2151507a43229b7d71b953916deca127d", size = 265732, upload-time = "2026-05-10T18:01:21.494Z" },
    { url = "https://files.pythonhosted.org/packages/ed/ea/c919e259081dd2bdf0e43b87209709ba7ec2e4117c2a7f5185379c43463c/coverage-7.14.0-cp313-cp313t-musllinux_1_2_riscv64.whl", hash = "sha256:63df0fe568e698e1045792399f8ab6da3a6c2dce3182813fb92afa2641087b47", size = 260921, upload-time = "2026-05-10T18:01:23.533Z" },
    { url = "https://files.pythonhosted.org/packages/1a/2c/c2831889705a81dc5d1c6ca12e4d8e9b95dfc146d153488a6c0ea685d28e/coverage-7.14.0-cp313-cp313t-musllinux_1_2_x86_64.whl", hash = "sha256:827d6397dbd95144939b18f89edf31f63e1f99633e8d5f32f22ba8bdda567477", size = 263109, upload-time = "2026-05-10T18:01:25.165Z" },
    { url = "https://files.pythonhosted.org/packages/5a/a9/2fcae5003cac3d63fe344d2166243c2756935f48420863c5272b240d550b/coverage-7.14.0-cp313-cp313t-win32.whl", hash = "sha256:7bf43e000d24012599b879791cff41589af90674722421ef11b11a5431920bab", size = 223212, upload-time = "2026-05-10T18:01:27.157Z" },
    { url = "https://files.pythonhosted.org/packages/3f/bb/18e94d7b14b9b398164197114a587a04ab7c9fdbe1d237eef57311c5e883/coverage-7.14.0-cp313-cp313t-win_amd64.whl", hash = "sha256:3f5549365af25d770e06b1f8f5682d9a5637d06eb494db91c6fa75d3950cc917", size = 224272, upload-time = "2026-05-10T18:01:29.107Z" },
    { url = "https://files.pythonhosted.org/packages/db/56/4f14fad782b035c81c4ffd09159e7103d42bb1d93ac8496d04b90a11b7da/coverage-7.14.0-cp313-cp313t-win_arm64.whl", hash = "sha256:6d160217ec6fe890f16ad3a9531761589443749e448f91986c972714fad361c8", size = 222530, upload-time = "2026-05-10T18:01:31.151Z" },
    { url = "https://files.pythonhosted.org/packages/61/e8/cb8e80d6f9f55b99588625062822bf946cf03ed06315df4bd8397f5632a1/coverage-7.14.0-py3-none-any.whl", hash = "sha256:8de5b61163aee3d05c8a2beab6f47913df7981dad1baf82c414d99158c286ab1", size = 211764, upload-time = "2026-05-10T18:02:29.538Z" },
]

[[package]]
name = "imputemulti"
version = "0.5.1"
source = { editable = "." }
dependencies = [
    { name = "numpy" },
    { name = "pandas" },
    { name = "pyarrow" },
    { name = "pytest-benchmark" },
    { name = "pytest-cov" },
]

[package.metadata]
requires-dist = [
    { name = "numpy" },
    { name = "pandas" },
    { name = "pyarrow" },
    { name = "pytest-benchmark" },
    { name = "pytest-cov" },
]

[[package]]
name = "iniconfig"
version = "2.3.0"
source = { registry = "https://pypi.org/simple" }
sdist = { url = "https://files.pythonhosted.org/packages/72/34/14ca021ce8e5dfedc35312d08ba8bf51fdd999c576889fc2c24cb97f4f10/iniconfig-2.3.0.tar.gz", hash = "sha256:c76315c77db068650d49c5b56314774a7804df16fee4402c1f19d6d15d8c4730", size = 20503, upload-time = "2025-10-18T21:55:43.219Z" }
wheels = [
    { url = "https://files.pythonhosted.org/packages/cb/b1/3846dd7f199d53cb17f49cba7e651e9ce294d8497c8c150530ed11865bb8/iniconfig-2.3.0-py3-none-any.whl", hash = "sha256:f631c04d2c48c52b84d0d0549c99ff3859c98df65b3101406327ecc7d53fbf12", size = 7484, upload-time = "2025-10-18T21:55:41.639Z" },
]

[[package]]
name = "numpy"
version = "2.4.5"
source = { registry = "https://pypi.org/simple" }
sdist = { url = "https://files.pythonhosted.org/packages/50/8e/b8041bc719f056afd864478029d52214789341ac6583437b0ee5031e9530/numpy-2.4.5.tar.gz", hash = "sha256:ca670567a5683b7c1670ec03e0ddd5862e10934e92a70751d68d7b7b74ca7f9f", size = 20735669, upload-time = "2026-05-15T20:25:19.492Z" }
wheels = [
    { url = "https://files.pythonhosted.org/packages/e3/a4/fb50657c7cab297bf34edcd60a074cb0647f61771430d6363575274160fe/numpy-2.4.5-cp313-cp313-macosx_10_13_x86_64.whl", hash = "sha256:1ef248460b645c102026b82337cc4e88231909c66dd77b59ec6d6cac7e44f277", size = 16684760, upload-time = "2026-05-15T20:23:19.436Z" },
    { url = "https://files.pythonhosted.org/packages/3e/43/87e731299b9408eda705b3b9cb31c7bceb9347d2af9cbb16b2b1e4b5bc0f/numpy-2.4.5-cp313-cp313-macosx_11_0_arm64.whl", hash = "sha256:4603622bdcdbf8dccb1d9d5b21d16a7aa4e473ae6c8e14048d846fd4ca2907a0", size = 14694117, upload-time = "2026-05-15T20:23:21.832Z" },
    { url = "https://files.pythonhosted.org/packages/a9/c7/0b2bb8acea222e9dd6e582afc2bc553b89b8833cbdccc68e68f050fb31f8/numpy-2.4.5-cp313-cp313-macosx_14_0_arm64.whl", hash = "sha256:6c18d49c67689c562854b53fdc433b93e47c12952aa6fa6d59f185e1a5992419", size = 5199141, upload-time = "2026-05-15T20:23:24.066Z" },
    { url = "https://files.pythonhosted.org/packages/39/60/b6972b5d47033d90000f0097c81a98b9486589a2d7003bf725bff275cb0d/numpy-2.4.5-cp313-cp313-macosx_14_0_x86_64.whl", hash = "sha256:b1c663ddc641f4192e90511bec61a09bc231e3bbdb996cdc6edbcaa0e528d685", size = 6546954, upload-time = "2026-05-15T20:23:26.099Z" },
    { url = "https://files.pythonhosted.org/packages/c1/e9/ed667cb12c11ca0adde431f685d3a5dd78e6f78b27228c581c8415198e9e/numpy-2.4.5-cp313-cp313-manylinux_2_27_aarch64.manylinux_2_28_aarch64.whl", hash = "sha256:93793222b524f692f12b2f8752ce8b1d9d9125b2bfd5dbf0fb69c92c5e1ce86c", size = 15669430, upload-time = "2026-05-15T20:23:28.147Z" },
    { url = "https://files.pythonhosted.org/packages/44/e5/679f6ffeb01294b0008e5ada4a113cb47617bc0e1819a529fd7973c6d7f4/numpy-2.4.5-cp313-cp313-manylinux_2_27_x86_64.manylinux_2_28_x86_64.whl", hash = "sha256:1616bde34b2bcba2fa9bde06217ce00da4f3d1bdfb264d54525a99e8fe170d83", size = 16633390, upload-time = "2026-05-15T20:23:31.622Z" },
    { url = "https://files.pythonhosted.org/packages/36/46/42bfffc9a780ec902ccd7470d3219192ee82b7b442710307dd85b4d121b0/numpy-2.4.5-cp313-cp313-musllinux_1_2_aarch64.whl", hash = "sha256:09d7d97da1c2c62f4818b3e150a57572ff8dcf1cf5ac501aac832ffd4ebd9566", size = 17020709, upload-time = "2026-05-15T20:23:34.08Z" },
    { url = "https://files.pythonhosted.org/packages/44/00/3e840bfee0cc6cec22209f2c97057f26eeb30de031e4933b4dfc0395416c/numpy-2.4.5-cp313-cp313-musllinux_1_2_x86_64.whl", hash = "sha256:2d68d0b355ab2e39fe0de59001d7151dfdbbb880ef67baeed806661e03df5097", size = 18357818, upload-time = "2026-05-15T20:23:36.965Z" },
    { url = "https://files.pythonhosted.org/packages/72/cb/3447b400b9da84134575486f0f656541559b00d4b262477bce9b678bbca8/numpy-2.4.5-cp313-cp313-win32.whl", hash = "sha256:fe28b64777ddfa0eca9b5f51474034ebe3dcb8324f48f27b28f479085673ae33", size = 5961114, upload-time = "2026-05-15T20:23:39.586Z" },
    { url = "https://files.pythonhosted.org/packages/28/f9/a90d2220ffcdc0798f5d55bb5d5463cd6254ec9ef43f384dae80217d7a2f/numpy-2.4.5-cp313-cp313-win_amd64.whl", hash = "sha256:fb4a6c9c537d6ccec9cc4aeae4261bd3cc79b070c67ddc0646f5b1c07fddde42", size = 12318553, upload-time = "2026-05-15T20:23:41.436Z" },
    { url = "https://files.pythonhosted.org/packages/b8/c9/96f531fb3234545315152d34efdf3de7daee81254448447eb619e8d16967/numpy-2.4.5-cp313-cp313-win_arm64.whl", hash = "sha256:6d7df2da2e7ea0624a43aa368104b3a3ce14aae98ad4bb2c9a93fecef76f1c97", size = 10222200, upload-time = "2026-05-15T20:23:43.681Z" },
    { url = "https://files.pythonhosted.org/packages/e1/f4/a291caab5a3c520babf93ff77c54fd5fdb1ebbc3296cee2eb2146ce773b1/numpy-2.4.5-cp313-cp313t-macosx_11_0_arm64.whl", hash = "sha256:2a235607a18df941760a695927051af4b1cd5d3ee85840d0e2af816785771feb", size = 14821438, upload-time = "2026-05-15T20:23:45.911Z" },
    { url = "https://files.pythonhosted.org/packages/85/26/13dbb1159b864370568e7309063fd72667984df89db74e9caeb175d067c7/numpy-2.4.5-cp313-cp313t-macosx_14_0_arm64.whl", hash = "sha256:58dcf64969d870f36bc7fbd557d2617e997db7dc06261b6e3327148ea460d0a4", size = 5326663, upload-time = "2026-05-15T20:23:48.18Z" },
    { url = "https://files.pythonhosted.org/packages/7c/99/d233408072a0e019e2288e27edd23f7d572ccd4a73d1539baa3270ede85d/numpy-2.4.5-cp313-cp313t-macosx_14_0_x86_64.whl", hash = "sha256:235f54b0156274d8fa3155db3ed6d2f401c7e8f3367c90db0a12f02a58fde6ed", size = 6646874, upload-time = "2026-05-15T20:23:49.856Z" },
    { url = "https://files.pythonhosted.org/packages/c5/00/eeb6f193dfe767725e952e0464f3e51f44145c5dd261cd7389aa36ac0713/numpy-2.4.5-cp313-cp313t-manylinux_2_27_aarch64.manylinux_2_28_aarch64.whl", hash = "sha256:ef3b5bb65437a3555c648e706475db01c645559ca80dc8b03e4f202ea757e0d6", size = 15728147, upload-time = "2026-05-15T20:23:51.655Z" },
    { url = "https://files.pythonhosted.org/packages/e5/c9/b8ed039f1fde1b13a8807c893e7e2f9432a379f4d6401edecf0028da5b2c/numpy-2.4.5-cp313-cp313t-manylinux_2_27_x86_64.manylinux_2_28_x86_64.whl", hash = "sha256:7f09a7e5f017d7098c66522097c96257411c9620c0926212200d66bc8cee3976", size = 16681770, upload-time = "2026-05-15T20:23:53.933Z" },
    { url = "https://files.pythonhosted.org/packages/11/5b/0198ef6cb7016eca6d895d392106012138127fab23f46637e76d5e25c9f5/numpy-2.4.5-cp313-cp313t-musllinux_1_2_aarch64.whl", hash = "sha256:993a88d8fdd8554466a8765cd8bacd97ba56b70ca6b0a04bcdca77f5afed4222", size = 17086218, upload-time = "2026-05-15T20:23:56.646Z" },
    { url = "https://files.pythonhosted.org/packages/f0/fe/8821f3cfc660ae84c92ee158505941874b62c56a42e035a41425228cd8cf/numpy-2.4.5-cp313-cp313t-musllinux_1_2_x86_64.whl", hash = "sha256:84f58bed609b5669f5ad3d597901a4f1f86ee5b3c3708aaa55f05b4fe6e0f656", size = 18403542, upload-time = "2026-05-15T20:23:59.173Z" },
    { url = "https://files.pythonhosted.org/packages/0e/00/e64ecaf498865e7b091f57658b2c522503e5d1b70e43b807f5f8247e1d88/numpy-2.4.5-cp313-cp313t-win32.whl", hash = "sha256:7200c58f3f933ca61e66346667dcc8510bb111995e9ce15398a731e6a4afa4bb", size = 6084903, upload-time = "2026-05-15T20:24:01.506Z" },
    { url = "https://files.pythonhosted.org/packages/20/c0/354997dedaf74e8311c2cf9a6027b476fd8d424cb92189cc0ae2b25f501c/numpy-2.4.5-cp313-cp313t-win_amd64.whl", hash = "sha256:c26c71080d35db5002102f5d9ff614d45de02aa1f7802943e691e063e5ee93bc", size = 12458420, upload-time = "2026-05-15T20:24:03.735Z" },
    { url = "https://files.pythonhosted.org/packages/66/dc/917ee5ea4a31ca1a6e4c9a85386477efa318dcc60db257c5ef4adda096c1/numpy-2.4.5-cp313-cp313t-win_arm64.whl", hash = "sha256:2caa576d1707b275cba1aeb60a5c50daa6fa2a3f28ecb08123bc05fd439005db", size = 10291826, upload-time = "2026-05-15T20:24:06.535Z" },
]

[[package]]
name = "packaging"
version = "26.2"
source = { registry = "https://pypi.org/simple" }
sdist = { url = "https://files.pythonhosted.org/packages/d7/f1/e7a6dd94a8d4a5626c03e4e99c87f241ba9e350cd9e6d75123f992427270/packaging-26.2.tar.gz", hash = "sha256:ff452ff5a3e828ce110190feff1178bb1f2ea2281fa2075aadb987c2fb221661", size = 228134, upload-time = "2026-04-24T20:15:23.917Z" }
wheels = [
    { url = "https://files.pythonhosted.org/packages/df/b2/87e62e8c3e2f4b32e5fe99e0b86d576da1312593b39f47d8ceef365e95ed/packaging-26.2-py3-none-any.whl", hash = "sha256:5fc45236b9446107ff2415ce77c807cee2862cb6fac22b8a73826d0693b0980e", size = 100195, upload-time = "2026-04-24T20:15:22.081Z" },
]

[[package]]
name = "pandas"
version = "3.0.3"
source = { registry = "https://pypi.org/simple" }
dependencies = [
    { name = "numpy" },
    { name = "python-dateutil" },
    { name = "tzdata", marker = "sys_platform == 'emscripten' or sys_platform == 'win32'" },
]
sdist = { url = "https://files.pythonhosted.org/packages/f8/87/4341c6252d1c47b08768c3d25ac487362bf403f0313ddae4a2a26c9b1b4c/pandas-3.0.3.tar.gz", hash = "sha256:696a4a00a2a2a35d4e5deb3fc946641b96c944f02230e4f76137fe35d806c4fc", size = 4651414, upload-time = "2026-05-11T18:54:29.21Z" }
wheels = [
    { url = "https://files.pythonhosted.org/packages/c5/90/62d8302883c44308c477e222c3daf7c813a34c8e96985882fbd53d964352/pandas-3.0.3-cp313-cp313-macosx_10_13_x86_64.whl", hash = "sha256:67b3b64c11910cfa29f4e94a14d3bff9ee693b6fc76055e7cad549cee0aec5fa", size = 10331071, upload-time = "2026-05-11T18:52:58.838Z" },
    { url = "https://files.pythonhosted.org/packages/7f/ae/6a6493c783a101f165e4356953ba3c74d6f77f0042fa7d753da9dfbb640c/pandas-3.0.3-cp313-cp313-macosx_11_0_arm64.whl", hash = "sha256:39436b377d56d2a2e52d0395bdbee171f01068e99af5250509aceeb929f765c7", size = 9875690, upload-time = "2026-05-11T18:53:01.431Z" },
    { url = "https://files.pythonhosted.org/packages/62/7c/5df8e9f56c69a2769fbe9382a5ef8f2658c007e376434e1e2cbb57ad895f/pandas-3.0.3-cp313-cp313-manylinux_2_24_aarch64.manylinux_2_28_aarch64.whl", hash = "sha256:d4be06d68f9ddcfc645b87534911da79a8fbffc7573c80e0edcf42a5020624d8", size = 10381634, upload-time = "2026-05-11T18:53:04.393Z" },
    { url = "https://files.pythonhosted.org/packages/99/68/1237369725aa617bb358263d535803e3053fdbc593513ec5ed9c9896b5b6/pandas-3.0.3-cp313-cp313-manylinux_2_24_x86_64.manylinux_2_28_x86_64.whl", hash = "sha256:a4eeb6830daf35a71cc09649bd823e2b542dac246cdee9614c6e4bd65028cd6a", size = 10891243, upload-time = "2026-05-11T18:53:07.643Z" },
    { url = "https://files.pythonhosted.org/packages/25/93/77d108e8af7222b4a503ebde0e30215b1c2e4f8e53a526431890f22d5586/pandas-3.0.3-cp313-cp313-musllinux_1_2_aarch64.whl", hash = "sha256:1928e07221f82db493cd4af1e23c1bfca524a19a4699887975bff68f49a72bfb", size = 11388659, upload-time = "2026-05-11T18:53:10.634Z" },
    { url = "https://files.pythonhosted.org/packages/d0/bd/eff5b4399f332ac386c853f6cd2bd3fa2ca0061b9f36ecd9c4d7c4265649/pandas-3.0.3-cp313-cp313-musllinux_1_2_x86_64.whl", hash = "sha256:51b1fe551acb77dac643c6fda86084d8d446c10fe64b06a9cc29c4cc8540e7f2", size = 11942880, upload-time = "2026-05-11T18:53:13.536Z" },
    { url = "https://files.pythonhosted.org/packages/2c/20/559ace4200982c3887d0b86bfd0d856a2143ef8ddab63cc07934951a964c/pandas-3.0.3-cp313-cp313-win_amd64.whl", hash = "sha256:a82d532a3351d435432cd913edbccaf8b8e01d4dd0e5ced5a8d2e8ecd94c7e44", size = 9757091, upload-time = "2026-05-11T18:53:16.306Z" },
    { url = "https://files.pythonhosted.org/packages/3a/66/69055a09fe200f29f922a3eeec4804611900b95f52d932ece3393c3c0c19/pandas-3.0.3-cp313-cp313-win_arm64.whl", hash = "sha256:275c14e0fce14a2ec20eee474aecd305478ea3c1e6f6a9d8fe219a165542717e", size = 9057282, upload-time = "2026-05-11T18:53:18.768Z" },
    { url = "https://files.pythonhosted.org/packages/57/0e/efe801b0e6811e8e650cd21b7f2608e30f08a7067e2bf6e8752b0d56ee3c/pandas-3.0.3-cp313-cp313t-macosx_10_13_x86_64.whl", hash = "sha256:46997386d528eb40376ecd6b033cf4a8a1e5282580f68f43de875b78cba2199d", size = 10767016, upload-time = "2026-05-11T18:53:21.227Z" },
    { url = "https://files.pythonhosted.org/packages/ea/dc/eb55135a1d5f0f0519f28da1f609a206d2cad1f9c35c32d51e38dd7261ae/pandas-3.0.3-cp313-cp313t-macosx_11_0_arm64.whl", hash = "sha256:261e308dfb22448384b7580cf719d2f998fe2966c92893c3e77d14008af1f066", size = 10420210, upload-time = "2026-05-11T18:53:23.982Z" },
    { url = "https://files.pythonhosted.org/packages/c6/3e/b1d5d955ce33ffecb407465a60bc32769d74fcf68224b7ae67ae11d4dea4/pandas-3.0.3-cp313-cp313t-manylinux_2_24_aarch64.manylinux_2_28_aarch64.whl", hash = "sha256:dd1a5d1def6a46002e964510bdc67c368aa0951df5d1d9f8365336f5a1f490cd", size = 10336126, upload-time = "2026-05-11T18:53:26.731Z" },
    { url = "https://files.pythonhosted.org/packages/f5/76/a01261711ab60a22d71b862f0de20e4c504bf80457270ad8cb42110f6abc/pandas-3.0.3-cp313-cp313t-manylinux_2_24_x86_64.manylinux_2_28_x86_64.whl", hash = "sha256:d72828c20c6d6e83e1e22a6a3b47b326b71664112fa9705dcbccfd7a39b62085", size = 10728051, upload-time = "2026-05-11T18:53:29.125Z" },
    { url = "https://files.pythonhosted.org/packages/e9/21/ea191195e587b18cf682e97f433f81b2d0fbe341380e80a3e0d6e4403c8e/pandas-3.0.3-cp313-cp313t-musllinux_1_2_aarch64.whl", hash = "sha256:d26cbe1fcfc12e8fd900e2454163e466b2d3af84f7c75481df7683ffc073d870", size = 11350796, upload-time = "2026-05-11T18:53:32.056Z" },
    { url = "https://files.pythonhosted.org/packages/64/69/f0eaaf54939f0e8c6768fd06be9af2cef9b36048b96dfb9e1b2c685a807e/pandas-3.0.3-cp313-cp313t-musllinux_1_2_x86_64.whl", hash = "sha256:3e91cec1879ada0624fc3dc9953c5cbd60208e59c0db28f540c5d6d47502422f", size = 11799741, upload-time = "2026-05-11T18:53:34.985Z" },
    { url = "https://files.pythonhosted.org/packages/45/a4/865e0e510cae5fc2194de4db28be638952de942571ba9125934fd9c01d47/pandas-3.0.3-cp313-cp313t-win_amd64.whl", hash = "sha256:08d789b41f87e0905880e293cedf6197ce71fe67cc081358b1e148a491b9bd13", size = 10499958, upload-time = "2026-05-11T18:53:37.857Z" },
]

[[package]]
name = "pluggy"
version = "1.6.0"
source = { registry = "https://pypi.org/simple" }
sdist = { url = "https://files.pythonhosted.org/packages/f9/e2/3e91f31a7d2b083fe6ef3fa267035b518369d9511ffab804f839851d2779/pluggy-1.6.0.tar.gz", hash = "sha256:7dcc130b76258d33b90f61b658791dede3486c3e6bfb003ee5c9bfb396dd22f3", size = 69412, upload-time = "2025-05-15T12:30:07.975Z" }
wheels = [
    { url = "https://files.pythonhosted.org/packages/54/20/4d324d65cc6d9205fabedc306948156824eb9f0ee1633355a8f7ec5c66bf/pluggy-1.6.0-py3-none-any.whl", hash = "sha256:e920276dd6813095e9377c0bc5566d94c932c33b27a3e3945d8389c374dd4746", size = 20538, upload-time = "2025-05-15T12:30:06.134Z" },
]

[[package]]
name = "py-cpuinfo"
version = "9.0.0"
source = { registry = "https://pypi.org/simple" }
sdist = { url = "https://files.pythonhosted.org/packages/37/a8/d832f7293ebb21690860d2e01d8115e5ff6f2ae8bbdc953f0eb0fa4bd2c7/py-cpuinfo-9.0.0.tar.gz", hash = "sha256:3cdbbf3fac90dc6f118bfd64384f309edeadd902d7c8fb17f02ffa1fc3f49690", size = 104716, upload-time = "2022-10-25T20:38:06.303Z" }
wheels = [
    { url = "https://files.pythonhosted.org/packages/e0/a9/023730ba63db1e494a271cb018dcd361bd2c917ba7004c3e49d5daf795a2/py_cpuinfo-9.0.0-py3-none-any.whl", hash = "sha256:859625bc251f64e21f077d099d4162689c762b5d6a4c3c97553d56241c9674d5", size = 22335, upload-time = "2022-10-25T20:38:27.636Z" },
]

[[package]]
name = "pyarrow"
version = "24.0.0"
source = { registry = "https://pypi.org/simple" }
sdist = { url = "https://files.pythonhosted.org/packages/91/13/13e1069b351bdc3881266e11147ffccf687505dbb0ea74036237f5d454a5/pyarrow-24.0.0.tar.gz", hash = "sha256:85fe721a14dd823aca09127acbb06c3ca723efbd436c004f16bca601b04dcc83", size = 1180261, upload-time = "2026-04-21T10:51:25.837Z" }
wheels = [
    { url = "https://files.pythonhosted.org/packages/6f/d3/a1abf004482026ddc17f4503db227787fa3cfe41ec5091ff20e4fea55e57/pyarrow-24.0.0-cp313-cp313-macosx_12_0_arm64.whl", hash = "sha256:02b001b3ed4723caa44f6cd1af2d5c86aa2cf9971dacc2ffa55b21237713dfba", size = 34976759, upload-time = "2026-04-21T10:48:07.258Z" },
    { url = "https://files.pythonhosted.org/packages/4f/4a/34f0a36d28a2dd32225301b79daad44e243dc1a2bb77d43b60749be255c4/pyarrow-24.0.0-cp313-cp313-macosx_12_0_x86_64.whl", hash = "sha256:04920d6a71aabd08a0417709efce97d45ea8e6fb733d9ca9ecffb13c67839f68", size = 36658471, upload-time = "2026-04-21T10:48:13.347Z" },
    { url = "https://files.pythonhosted.org/packages/1f/78/543b94712ae8bb1a6023bcc1acf1a740fbff8286747c289cd9468fced2a5/pyarrow-24.0.0-cp313-cp313-manylinux_2_28_aarch64.whl", hash = "sha256:a964266397740257f16f7bb2e4f08a0c81454004beab8ff59dd531b73610e9f2", size = 45675981, upload-time = "2026-04-21T10:48:20.201Z" },
    { url = "https://files.pythonhosted.org/packages/84/9f/8fb7c222b100d314137fa40ec050de56cd8c6d957d1cfff685ce72f15b17/pyarrow-24.0.0-cp313-cp313-manylinux_2_28_x86_64.whl", hash = "sha256:6f066b179d68c413374294bc1735f68475457c933258df594443bb9d88ddc2a0", size = 48859172, upload-time = "2026-04-21T10:48:27.541Z" },
    { url = "https://files.pythonhosted.org/packages/a7/d3/1ea72538e6c8b3b475ed78d1049a2c518e655761ea50fe1171fc855fcab7/pyarrow-24.0.0-cp313-cp313-musllinux_1_2_aarch64.whl", hash = "sha256:1183baeb14c5f587b1ec52831e665718ce632caab84b7cd6b85fd44f96114495", size = 49385733, upload-time = "2026-04-21T10:48:34.7Z" },
    { url = "https://files.pythonhosted.org/packages/c3/be/c3d8b06a1ba35f2260f8e1f771abbee7d5e345c0937aab90675706b1690a/pyarrow-24.0.0-cp313-cp313-musllinux_1_2_x86_64.whl", hash = "sha256:806f24b4085453c197a5078218d1ee08783ebbba271badd153d1ae22a3ee804f", size = 51934335, upload-time = "2026-04-21T10:48:42.099Z" },
    { url = "https://files.pythonhosted.org/packages/9c/62/89e07a1e7329d2cde3e3c6994ba0839a24977a2beda8be6005ea3d860b99/pyarrow-24.0.0-cp313-cp313-win_amd64.whl", hash = "sha256:e4505fc6583f7b05ab854934896bcac8253b04ac1171a77dfb73efef92076d91", size = 27271748, upload-time = "2026-04-21T10:49:42.532Z" },
    { url = "https://files.pythonhosted.org/packages/17/1a/cff3a59f80b5b1658549d46611b67163f65e0664431c076ad728bf9d5af4/pyarrow-24.0.0-cp313-cp313t-macosx_12_0_arm64.whl", hash = "sha256:1a4e45017efbf115032e4475ee876d525e0e36c742214fbe405332480ecd6275", size = 35238554, upload-time = "2026-04-21T10:48:48.526Z" },
    { url = "https://files.pythonhosted.org/packages/a8/99/cce0f42a327bfef2c420fb6078a3eb834826e5d6697bf3009fe11d2ad051/pyarrow-24.0.0-cp313-cp313t-macosx_12_0_x86_64.whl", hash = "sha256:7986f1fa71cee060ad00758bcc79d3a93bab8559bf978fab9e53472a2e25a17b", size = 36782301, upload-time = "2026-04-21T10:48:55.181Z" },
    { url = "https://files.pythonhosted.org/packages/2a/66/8e560d5ff6793ca29aca213c53eec0dd482dd46cb93b2819e5aab52e4252/pyarrow-24.0.0-cp313-cp313t-manylinux_2_28_aarch64.whl", hash = "sha256:d3e0b61e8efb24ed38898e5cdc5fffa9124be480008d401a1f8071500494ae42", size = 45721929, upload-time = "2026-04-21T10:49:03.676Z" },
    { url = "https://files.pythonhosted.org/packages/27/0c/a26e25505d030716e078d9f16eb74973cbf0b33b672884e9f9da1c83b871/pyarrow-24.0.0-cp313-cp313t-manylinux_2_28_x86_64.whl", hash = "sha256:55a3bc1e3df3b5567b7d27ef551b2283f0c68a5e86f1cd56abc569da4f31335b", size = 48825365, upload-time = "2026-04-21T10:49:11.714Z" },
    { url = "https://files.pythonhosted.org/packages/5f/eb/771f9ecb0c65e73fe9dccdd1717901b9594f08c4515d000c7c62df573811/pyarrow-24.0.0-cp313-cp313t-musllinux_1_2_aarch64.whl", hash = "sha256:641f795b361874ac9da5294f8f443dfdbee355cf2bd9e3b8d97aaac2306b9b37", size = 49451819, upload-time = "2026-04-21T10:49:21.474Z" },
    { url = "https://files.pythonhosted.org/packages/48/da/61ae89a88732f5a785646f3ec6125dbb640fa98a540eb2b9889caa561403/pyarrow-24.0.0-cp313-cp313t-musllinux_1_2_x86_64.whl", hash = "sha256:8adc8e6ce5fccf5dc707046ae4914fd537def529709cc0d285d37a7f9cd442ca", size = 51909252, upload-time = "2026-04-21T10:49:31.164Z" },
    { url = "https://files.pythonhosted.org/packages/cb/1a/8dd5cafab7b66573fa91c03d06d213356ad4edd71813aa75e08ce2b3a844/pyarrow-24.0.0-cp313-cp313t-win_amd64.whl", hash = "sha256:9b18371ad2f44044b81a8d23bc2d8a9b6a6226dca775e8e16cfee640473d6c5d", size = 27388127, upload-time = "2026-04-21T10:49:37.334Z" },
]

[[package]]
name = "pygments"
version = "2.20.0"
source = { registry = "https://pypi.org/simple" }
sdist = { url = "https://files.pythonhosted.org/packages/c3/b2/bc9c9196916376152d655522fdcebac55e66de6603a76a02bca1b6414f6c/pygments-2.20.0.tar.gz", hash = "sha256:6757cd03768053ff99f3039c1a36d6c0aa0b263438fcab17520b30a303a82b5f", size = 4955991, upload-time = "2026-03-29T13:29:33.898Z" }
wheels = [
    { url = "https://files.pythonhosted.org/packages/f4/7e/a72dd26f3b0f4f2bf1dd8923c85f7ceb43172af56d63c7383eb62b332364/pygments-2.20.0-py3-none-any.whl", hash = "sha256:81a9e26dd42fd28a23a2d169d86d7ac03b46e2f8b59ed4698fb4785f946d0176", size = 1231151, upload-time = "2026-03-29T13:29:30.038Z" },
]

[[package]]
name = "pytest"
version = "9.0.3"
source = { registry = "https://pypi.org/simple" }
dependencies = [
    { name = "colorama", marker = "sys_platform == 'win32'" },
    { name = "iniconfig" },
    { name = "packaging" },
    { name = "pluggy" },
    { name = "pygments" },
]
sdist = { url = "https://files.pythonhosted.org/packages/7d/0d/549bd94f1a0a402dc8cf64563a117c0f3765662e2e668477624baeec44d5/pytest-9.0.3.tar.gz", hash = "sha256:b86ada508af81d19edeb213c681b1d48246c1a91d304c6c81a427674c17eb91c", size = 1572165, upload-time = "2026-04-07T17:16:18.027Z" }
wheels = [
    { url = "https://files.pythonhosted.org/packages/d4/24/a372aaf5c9b7208e7112038812994107bc65a84cd00e0354a88c2c77a617/pytest-9.0.3-py3-none-any.whl", hash = "sha256:2c5efc453d45394fdd706ade797c0a81091eccd1d6e4bccfcd476e2b8e0ab5d9", size = 375249, upload-time = "2026-04-07T17:16:16.13Z" },
]

[[package]]
name = "pytest-benchmark"
version = "5.2.3"
source = { registry = "https://pypi.org/simple" }
dependencies = [
    { name = "py-cpuinfo" },
    { name = "pytest" },
]
sdist = { url = "https://files.pythonhosted.org/packages/24/34/9f732b76456d64faffbef6232f1f9dbec7a7c4999ff46282fa418bd1af66/pytest_benchmark-5.2.3.tar.gz", hash = "sha256:deb7317998a23c650fd4ff76e1230066a76cb45dcece0aca5607143c619e7779", size = 341340, upload-time = "2025-11-09T18:48:43.215Z" }
wheels = [
    { url = "https://files.pythonhosted.org/packages/33/29/e756e715a48959f1c0045342088d7ca9762a2f509b945f362a316e9412b7/pytest_benchmark-5.2.3-py3-none-any.whl", hash = "sha256:bc839726ad20e99aaa0d11a127445457b4219bdb9e80a1afc4b51da7f96b0803", size = 45255, upload-time = "2025-11-09T18:48:39.765Z" },
]

[[package]]
name = "pytest-cov"
version = "7.1.0"
source = { registry = "https://pypi.org/simple" }
dependencies = [
    { name = "coverage" },
    { name = "pluggy" },
    { name = "pytest" },
]
sdist = { url = "https://files.pythonhosted.org/packages/b1/51/a849f96e117386044471c8ec2bd6cfebacda285da9525c9106aeb28da671/pytest_cov-7.1.0.tar.gz", hash = "sha256:30674f2b5f6351aa09702a9c8c364f6a01c27aae0c1366ae8016160d1efc56b2", size = 55592, upload-time = "2026-03-21T20:11:16.284Z" }
wheels = [
    { url = "https://files.pythonhosted.org/packages/9d/7a/d968e294073affff457b041c2be9868a40c1c71f4a35fcc1e45e5493067b/pytest_cov-7.1.0-py3-none-any.whl", hash = "sha256:a0461110b7865f9a271aa1b51e516c9a95de9d696734a2f71e3e78f46e1d4678", size = 22876, upload-time = "2026-03-21T20:11:14.438Z" },
]

[[package]]
name = "python-dateutil"
version = "2.9.0.post0"
source = { registry = "https://pypi.org/simple" }
dependencies = [
    { name = "six" },
]
sdist = { url = "https://files.pythonhosted.org/packages/66/c0/0c8b6ad9f17a802ee498c46e004a0eb49bc148f2fd230864601a86dcf6db/python-dateutil-2.9.0.post0.tar.gz", hash = "sha256:37dd54208da7e1cd875388217d5e00ebd4179249f90fb72437e91a35459a0ad3", size = 342432, upload-time = "2024-03-01T18:36:20.211Z" }
wheels = [
    { url = "https://files.pythonhosted.org/packages/ec/57/56b9bcc3c9c6a792fcbaf139543cee77261f3651ca9da0c93f5c1221264b/python_dateutil-2.9.0.post0-py2.py3-none-any.whl", hash = "sha256:a8b2bc7bffae282281c8140a97d3aa9c14da0b136dfe83f850eea9a5f7470427", size = 229892, upload-time = "2024-03-01T18:36:18.57Z" },
]

[[package]]
name = "six"
version = "1.17.0"
source = { registry = "https://pypi.org/simple" }
sdist = { url = "https://files.pythonhosted.org/packages/94/e7/b2c673351809dca68a0e064b6af791aa332cf192da575fd474ed7d6f16a2/six-1.17.0.tar.gz", hash = "sha256:ff70335d468e7eb6ec65b95b99d3a2836546063f63acc5171de367e834932a81", size = 34031, upload-time = "2024-12-04T17:35:28.174Z" }
wheels = [
    { url = "https://files.pythonhosted.org/packages/b7/ce/149a00dd41f10bc29e5921b496af8b574d8413afcd5e30dfa0ed46c2cc5e/six-1.17.0-py2.py3-none-any.whl", hash = "sha256:4721f391ed90541fddacab5acf947aa0d3dc7d27b2e1e8eda2be8970586c3274", size = 11050, upload-time = "2024-12-04T17:35:26.475Z" },
]

[[package]]
name = "tzdata"
version = "2026.2"
source = { registry = "https://pypi.org/simple" }
sdist = { url = "https://files.pythonhosted.org/packages/ba/19/1b9b0e29f30c6d35cb345486df41110984ea67ae69dddbc0e8a100999493/tzdata-2026.2.tar.gz", hash = "sha256:9173fde7d80d9018e02a662e168e5a2d04f87c41ea174b139fbef642eda62d10", size = 198254, upload-time = "2026-04-24T15:22:08.651Z" }
wheels = [
    { url = "https://files.pythonhosted.org/packages/ce/e4/dccd7f47c4b64213ac01ef921a1337ee6e30e8c6466046018326977efd95/tzdata-2026.2-py2.py3-none-any.whl", hash = "sha256:bbe9af844f658da81a5f95019480da3a89415801f6cc966806612cc7169bffe7", size = 349321, upload-time = "2026-04-24T15:22:05.876Z" },
]
